
Microsoft Visual Studio Solution File, Format Version 12.00
# Visual Studio Version 16
VisualStudioVersion = 16.0.29728.190
MinimumVisualStudioVersion = 10.0.40219.1
Project("{FAE04EC0-301F-11D3-BF4B-00C04F79EFBC}") = "EnumFlagsSample", "EnumFlagsSample.csproj", "{F9A23A3C-8D8D-458C-8430-17A0EA417449}"
EndProject
Global
	GlobalSection(SolutionConfigurationPlatforms) = preSolution
		Debug|Any CPU = Debug|Any CPU
		Release|Any CPU = Release|Any CPU
	EndGlobalSection
	GlobalSection(ProjectConfigurationPlatforms) = postSolution
		{F9A23A3C-8D8D-458C-8430-17A0EA417449}.Debug|Any CPU.ActiveCfg = Debug|Any CPU
		{F9A23A3C-8D8D-458C-8430-17A0EA417449}.Debug|Any CPU.Build.0 = Debug|Any CPU
		{F9A23A3C-8D8D-458C-8430-17A0EA417449}.Release|Any CPU.ActiveCfg = Release|Any CPU
		{F9A23A3C-8D8D-458C-8430-17A0EA417449}.Release|Any CPU.Build.0 = Release|Any CPU
	EndGlobalSection
	GlobalSection(SolutionProperties) = preSolution
		HideSolutionNode = FALSE
	EndGlobalSection
	GlobalSection(ExtensibilityGlobals) = postSolution
		SolutionGuid = {DAFCB389-015D-44A8-8759-398DDEA1BD0E}
	EndGlobalSection
EndGlobal
